// !$*UTF8*$!
{
	archiveVersion = 1;
	classes = {
	};
	objectVersion = 55;
	objects = {

/* Begin PBXBuildFile section */
		865DD541289B6F8900C07668 /* AppDelegate.m in Sources */ = {isa = PBXBuildFile; fileRef = 865DD540289B6F8900C07668 /* AppDelegate.m */; };
		865DD54A289B6F8900C07668 /* Main.storyboard in Resources */ = {isa = PBXBuildFile; fileRef = 865DD548289B6F8900C07668 /* Main.storyboard */; };
		865DD54C289B6F8A00C07668 /* Assets.xcassets in Resources */ = {isa = PBXBuildFile; fileRef = 865DD54B289B6F8A00C07668 /* Assets.xcassets */; };
		865DD54F289B6F8A00C07668 /* LaunchScreen.storyboard in Resources */ = {isa = PBXBuildFile; fileRef = 865DD54D289B6F8A00C07668 /* LaunchScreen.storyboard */; };
		865DD552289B6F8A00C07668 /* main.m in Sources */ = {isa = PBXBuildFile; fileRef = 865DD551289B6F8A00C07668 /* main.m */; };
		865DD55A289B705D00C07668 /* HomeViewController.m in Sources */ = {isa = PBXBuildFile; fileRef = 865DD559289B705D00C07668 /* HomeViewController.m */; };
		B9C77958D6462DD335BD3786 /* Pods_DialogViewDemo.framework in Frameworks */ = {isa = PBXBuildFile; fileRef = B66ED2F918A45D88348D1230 /* Pods_DialogViewDemo.framework */; };
/* End PBXBuildFile section */

/* Begin PBXFileReference section */
		06EBF5E8686D743485C2FA42 /* Pods-DialogViewDemo.debug.xcconfig */ = {isa = PBXFileReference; includeInIndex = 1; lastKnownFileType = text.xcconfig; name = "Pods-DialogViewDemo.debug.xcconfig"; path = "Target Support Files/Pods-DialogViewDemo/Pods-DialogViewDemo.debug.xcconfig"; sourceTree = "<group>"; };
		865DD53C289B6F8900C07668 /* DialogViewDemo.app */ = {isa = PBXFileReference; explicitFileType = wrapper.application; includeInIndex = 0; path = DialogViewDemo.app; sourceTree = BUILT_PRODUCTS_DIR; };
		865DD53F289B6F8900C07668 /* AppDelegate.h */ = {isa = PBXFileReference; lastKnownFileType = sourcecode.c.h; path = AppDelegate.h; sourceTree = "<group>"; };
		865DD540289B6F8900C07668 /* AppDelegate.m */ = {isa = PBXFileReference; lastKnownFileType = sourcecode.c.objc; path = AppDelegate.m; sourceTree = "<group>"; };
		865DD549289B6F8900C07668 /* Base */ = {isa = PBXFileReference; lastKnownFileType = file.storyboard; name = Base; path = Base.lproj/Main.storyboard; sourceTree = "<group>"; };
		865DD54B289B6F8A00C07668 /* Assets.xcassets */ = {isa = PBXFileReference; lastKnownFileType = folder.assetcatalog; path = Assets.xcassets; sourceTree = "<group>"; };
		865DD54E289B6F8A00C07668 /* Base */ = {isa = PBXFileReference; lastKnownFileType = file.storyboard; name = Base; path = Base.lproj/LaunchScreen.storyboard; sourceTree = "<group>"; };
		865DD550289B6F8A00C07668 /* Info.plist */ = {isa = PBXFileReference; lastKnownFileType = text.plist.xml; path = Info.plist; sourceTree = "<group>"; };
		865DD551289B6F8A00C07668 /* main.m */ = {isa = PBXFileReference; lastKnownFileType = sourcecode.c.objc; path = main.m; sourceTree = "<group>"; };
		865DD558289B705D00C07668 /* HomeViewController.h */ = {isa = PBXFileReference; lastKnownFileType = sourcecode.c.h; path = HomeViewController.h; sourceTree = "<group>"; };
		865DD559289B705D00C07668 /* HomeViewController.m */ = {isa = PBXFileReference; lastKnownFileType = sourcecode.c.objc; path = HomeViewController.m; sourceTree = "<group>"; };
		9E836C43BC8DDD3A6A95A746 /* Pods-DialogViewDemo.release.xcconfig */ = {isa = PBXFileReference; includeInIndex = 1; lastKnownFileType = text.xcconfig; name = "Pods-DialogViewDemo.release.xcconfig"; path = "Target Support Files/Pods-DialogViewDemo/Pods-DialogViewDemo.release.xcconfig"; sourceTree = "<group>"; };
		B66ED2F918A45D88348D1230 /* Pods_DialogViewDemo.framework */ = {isa = PBXFileReference; explicitFileType = wrapper.framework; includeInIndex = 0; path = Pods_DialogViewDemo.framework; sourceTree = BUILT_PRODUCTS_DIR; };
/* End PBXFileReference section */

/* Begin PBXFrameworksBuildPhase section */
		865DD539289B6F8900C07668 /* Frameworks */ = {
			isa = PBXFrameworksBuildPhase;
			buildActionMask = 2147483647;
			files = (
				B9C77958D6462DD335BD3786 /* Pods_DialogViewDemo.framework in Frameworks */,
			);
			runOnlyForDeploymentPostprocessing = 0;
		};
/* End PBXFrameworksBuildPhase section */

/* Begin PBXGroup section */
		6D088BF6D9E6AB5AB8E866E1 /* Pods */ = {
			isa = PBXGroup;
			children = (
				06EBF5E8686D743485C2FA42 /* Pods-DialogViewDemo.debug.xcconfig */,
				9E836C43BC8DDD3A6A95A746 /* Pods-DialogViewDemo.release.xcconfig */,
			);
			path = Pods;
			sourceTree = "<group>";
		};
		865DD533289B6F8900C07668 = {
			isa = PBXGroup;
			children = (
				865DD53E289B6F8900C07668 /* DialogViewDemo */,
				865DD53D289B6F8900C07668 /* Products */,
				6D088BF6D9E6AB5AB8E866E1 /* Pods */,
				CF36468420CA3AEF727F88AE /* Frameworks */,
			);
			sourceTree = "<group>";
		};
		865DD53D289B6F8900C07668 /* Products */ = {
			isa = PBXGroup;
			children = (
				865DD53C289B6F8900C07668 /* DialogViewDemo.app */,
			);
			name = Products;
			sourceTree = "<group>";
		};
		865DD53E289B6F8900C07668 /* DialogViewDemo */ = {
			isa = PBXGroup;
			children = (
				865DD53F289B6F8900C07668 /* AppDelegate.h */,
				865DD540289B6F8900C07668 /* AppDelegate.m */,
				865DD558289B705D00C07668 /* HomeViewController.h */,
				865DD559289B705D00C07668 /* HomeViewController.m */,
				865DD548289B6F8900C07668 /* Main.storyboard */,
				865DD54B289B6F8A00C07668 /* Assets.xcassets */,
				865DD54D289B6F8A00C07668 /* LaunchScreen.storyboard */,
				865DD550289B6F8A00C07668 /* Info.plist */,
				865DD551289B6F8A00C07668 /* main.m */,
			);
			path = DialogViewDemo;
			sourceTree = "<group>";
		};
		CF36468420CA3AEF727F88AE /* Frameworks */ = {
			isa = PBXGroup;
			children = (
				B66ED2F918A45D88348D1230 /* Pods_DialogViewDemo.framework */,
			);
			name = Frameworks;
			sourceTree = "<group>";
		};
/* End PBXGroup section */

/* Begin PBXNativeTarget section */
		865DD53B289B6F8900C07668 /* DialogViewDemo */ = {
			isa = PBXNativeTarget;
			buildConfigurationList = 865DD555289B6F8A00C07668 /* Build configuration list for PBXNativeTarget "DialogViewDemo" */;
			buildPhases = (
				767F1FFF91870F9D1C205378 /* [CP] Check Pods Manifest.lock */,
				865DD538289B6F8900C07668 /* Sources */,
				865DD539289B6F8900C07668 /* Frameworks */,
				865DD53A289B6F8900C07668 /* Resources */,
				BF7867E6B4D0EA47D83A7545 /* [CP] Embed Pods Frameworks */,
			);
			buildRules = (
			);
			dependencies = (
			);
			name = DialogViewDemo;
			productName = DialogViewDemo;
			productReference = 865DD53C289B6F8900C07668 /* DialogViewDemo.app */;
			productType = "com.apple.product-type.application";
		};
/* End PBXNativeTarget section */

/* Begin PBXProject section */
		865DD534289B6F8900C07668 /* Project object */ = {
			isa = PBXProject;
			attributes = {
				BuildIndependentTargetsInParallel = 1;
				LastUpgradeCheck = 1340;
				TargetAttributes = {
					865DD53B289B6F8900C07668 = {
						CreatedOnToolsVersion = 13.4.1;
					};
				};
			};
			buildConfigurationList = 865DD537289B6F8900C07668 /* Build configuration list for PBXProject "DialogViewDemo" */;
			compatibilityVersion = "Xcode 13.0";
			developmentRegion = en;
			hasScannedForEncodings = 0;
			knownRegions = (
				en,
				Base,
			);
			mainGroup = 865DD533289B6F8900C07668;
			productRefGroup = 865DD53D289B6F8900C07668 /* Products */;
			projectDirPath = "";
			projectRoot = "";
			targets = (
				865DD53B289B6F8900C07668 /* DialogViewDemo */,
			);
		};
/* End PBXProject section */

/* Begin PBXResourcesBuildPhase section */
		865DD53A289B6F8900C07668 /* Resources */ = {
			isa = PBXResourcesBuildPhase;
			buildActionMask = 2147483647;
			files = (
				865DD54F289B6F8A00C07668 /* LaunchScreen.storyboard in Resources */,
				865DD54C289B6F8A00C07668 /* Assets.xcassets in Resources */,
				865DD54A289B6F8900C07668 /* Main.storyboard in Resources */,
			);
			runOnlyForDeploymentPostprocessing = 0;
		};
/* End PBXResourcesBuildPhase section */

/* Begin PBXShellScriptBuildPhase section */
		767F1FFF91870F9D1C205378 /* [CP] Check Pods Manifest.lock */ = {
			isa = PBXShellScriptBuildPhase;
			buildActionMask = 2147483647;
			files = (
			);
			inputFileListPaths = (
			);
			inputPaths = (
				"${PODS_PODFILE_DIR_PATH}/Podfile.lock",
				"${PODS_ROOT}/Manifest.lock",
			);
			name = "[CP] Check Pods Manifest.lock";
			outputFileListPaths = (
			);
			outputPaths = (
				"$(DERIVED_FILE_DIR)/Pods-DialogViewDemo-checkManifestLockResult.txt",
			);
			runOnlyForDeploymentPostprocessing = 0;
			shellPath = /bin/sh;
			shellScript = "diff \"${PODS_PODFILE_DIR_PATH}/Podfile.lock\" \"${PODS_ROOT}/Manifest.lock\" > /dev/null\nif [ $? != 0 ] ; then\n    # print error to STDERR\n    echo \"error: The sandbox is not in sync with the Podfile.lock. Run 'pod install' or update your CocoaPods installation.\" >&2\n    exit 1\nfi\n# This output is used by Xcode 'outputs' to avoid re-running this script phase.\necho \"SUCCESS\" > \"${SCRIPT_OUTPUT_FILE_0}\"\n";
			showEnvVarsInLog = 0;
		};
		BF7867E6B4D0EA47D83A7545 /* [CP] Embed Pods Frameworks */ = {
			isa = PBXShellScriptBuildPhase;
			buildActionMask = 2147483647;
			files = (
			);
			inputFileListPaths = (
				"${PODS_ROOT}/Target Support Files/Pods-DialogViewDemo/Pods-DialogViewDemo-frameworks-${CONFIGURATION}-input-files.xcfilelist",
			);
			name = "[CP] Embed Pods Frameworks";
			outputFileListPaths = (
				"${PODS_ROOT}/Target Support Files/Pods-DialogViewDemo/Pods-DialogViewDemo-frameworks-${CONFIGURATION}-output-files.xcfilelist",
			);
			runOnlyForDeploymentPostprocessing = 0;
			shellPath = /bin/sh;
			shellScript = "\"${PODS_ROOT}/Target Support Files/Pods-DialogViewDemo/Pods-DialogViewDemo-frameworks.sh\"\n";
			showEnvVarsInLog = 0;
		};
/* End PBXShellScriptBuildPhase section */

/* Begin PBXSourcesBuildPhase section */
		865DD538289B6F8900C07668 /* Sources */ = {
			isa = PBXSourcesBuildPhase;
			buildActionMask = 2147483647;
			files = (
				865DD541289B6F8900C07668 /* AppDelegate.m in Sources */,
				865DD552289B6F8A00C07668 /* main.m in Sources */,
				865DD55A289B705D00C07668 /* HomeViewController.m in Sources */,
			);
			runOnlyForDeploymentPostprocessing = 0;
		};
/* End PBXSourcesBuildPhase section */

/* Begin PBXVariantGroup section */
		865DD548289B6F8900C07668 /* Main.storyboard */ = {
			isa = PBXVariantGroup;
			children = (
				865DD549289B6F8900C07668 /* Base */,
			);
			name = Main.storyboard;
			sourceTree = "<group>";
		};
		865DD54D289B6F8A00C07668 /* LaunchScreen.storyboard */ = {
			isa = PBXVariantGroup;
			children = (
				865DD54E289B6F8A00C07668 /* Base */,
			);
			name = LaunchScreen.storyboard;
			sourceTree = "<group>";
		};
/* End PBXVariantGroup section */

/* Begin XCBuildConfiguration section */
		865DD553289B6F8A00C07668 /* Debug */ = {
			isa = XCBuildConfiguration;
			buildSettings = {
				ALWAYS_SEARCH_USER_PATHS = NO;
				CLANG_ANALYZER_NONNULL = YES;
				CLANG_ANALYZER_NUMBER_OBJECT_CONVERSION = YES_AGGRESSIVE;
				CLANG_CXX_LANGUAGE_STANDARD = "gnu++17";
				CLANG_ENABLE_MODULES = YES;
				CLANG_ENABLE_OBJC_ARC = YES;
				CLANG_ENABLE_OBJC_WEAK = YES;
				CLANG_WARN_BLOCK_CAPTURE_AUTORELEASING = YES;
				CLANG_WARN_BOOL_CONVERSION = YES;
				CLANG_WARN_COMMA = YES;
				CLANG_WARN_CONSTANT_CONVERSION = YES;
				CLANG_WARN_DEPRECATED_OBJC_IMPLEMENTATIONS = YES;
				CLANG_WARN_DIRECT_OBJC_ISA_USAGE = YES_ERROR;
				CLANG_WARN_DOCUMENTATION_COMMENTS = YES;
				CLANG_WARN_EMPTY_BODY = YES;
				CLANG_WARN_ENUM_CONVERSION = YES;
				CLANG_WARN_INFINITE_RECURSION = YES;
				CLANG_WARN_INT_CONVERSION = YES;
				CLANG_WARN_NON_LITERAL_NULL_CONVERSION = YES;
				CLANG_WARN_OBJC_IMPLICIT_RETAIN_SELF = YES;
				CLANG_WARN_OBJC_LITERAL_CONVERSION = YES;
				CLANG_WARN_OBJC_ROOT_CLASS = YES_ERROR;
				CLANG_WARN_QUOTED_INCLUDE_IN_FRAMEWORK_HEADER = YES;
				CLANG_WARN_RANGE_LOOP_ANALYSIS = YES;
				CLANG_WARN_STRICT_PROTOTYPES = YES;
				CLANG_WARN_SUSPICIOUS_MOVE = YES;
				CLANG_WARN_UNGUARDED_AVAILABILITY = YES_AGGRESSIVE;
				CLANG_WARN_UNREACHABLE_CODE = YES;
				CLANG_WARN__DUPLICATE_METHOD_MATCH = YES;
				COPY_PHASE_STRIP = NO;
				DEBUG_INFORMATION_FORMAT = dwarf;
				ENABLE_STRICT_OBJC_MSGSEND = YES;
				ENABLE_TESTABILITY = YES;
				GCC_C_LANGUAGE_STANDARD = gnu11;
				GCC_DYNAMIC_NO_PIC = NO;
				GCC_NO_COMMON_BLOCKS = YES;
				GCC_OPTIMIZATION_LEVEL = 0;
				GCC_PREPROCESSOR_DEFINITIONS = (
					"DEBUG=1",
					"$(inherited)",
				);
				GCC_WARN_64_TO_32_BIT_CONVERSION = YES;
				GCC_WARN_ABOUT_RETURN_TYPE = YES_ERROR;
				GCC_WARN_UNDECLARED_SELECTOR = YES;
				GCC_WARN_UNINITIALIZED_AUTOS = YES_AGGRESSIVE;
				GCC_WARN_UNUSED_FUNCTION = YES;
				GCC_WARN_UNUSED_VARIABLE = YES;
				IPHONEOS_DEPLOYMENT_TARGET = 15.5;
				MTL_ENABLE_DEBUG_INFO = INCLUDE_SOURCE;
				MTL_FAST_MATH = YES;
				ONLY_ACTIVE_ARCH = YES;
				SDKROOT = iphoneos;
			};
			name = Debug;
		};
		865DD554289B6F8A00C07668 /* Release */ = {
			isa = XCBuildConfiguration;
			buildSettings = {
				ALWAYS_SEARCH_USER_PATHS = NO;
				CLANG_ANALYZER_NONNULL = YES;
				CLANG_ANALYZER_NUMBER_OBJECT_CONVERSION = YES_AGGRESSIVE;
				CLANG_CXX_LANGUAGE_STANDARD = "gnu++17";
				CLANG_ENABLE_MODULES = YES;
				CLANG_ENABLE_OBJC_ARC = YES;
				CLANG_ENABLE_OBJC_WEAK = YES;
				CLANG_WARN_BLOCK_CAPTURE_AUTORELEASING = YES;
				CLANG_WARN_BOOL_CONVERSION = YES;
				CLANG_WARN_COMMA = YES;
				CLANG_WARN_CONSTANT_CONVERSION = YES;
				CLANG_WARN_DEPRECATED_OBJC_IMPLEMENTATIONS = YES;
				CLANG_WARN_DIRECT_OBJC_ISA_USAGE = YES_ERROR;
				CLANG_WARN_DOCUMENTATION_COMMENTS = YES;
				CLANG_WARN_EMPTY_BODY = YES;
				CLANG_WARN_ENUM_CONVERSION = YES;
				CLANG_WARN_INFINITE_RECURSION = YES;
				CLANG_WARN_INT_CONVERSION = YES;
				CLANG_WARN_NON_LITERAL_NULL_CONVERSION = YES;
				CLANG_WARN_OBJC_IMPLICIT_RETAIN_SELF = YES;
				CLANG_WARN_OBJC_LITERAL_CONVERSION = YES;
				CLANG_WARN_OBJC_ROOT_CLASS = YES_ERROR;
				CLANG_WARN_QUOTED_INCLUDE_IN_FRAMEWORK_HEADER = YES;
				CLANG_WARN_RANGE_LOOP_ANALYSIS = YES;
				CLANG_WARN_STRICT_PROTOTYPES = YES;
				CLANG_WARN_SUSPICIOUS_MOVE = YES;
				CLANG_WARN_UNGUARDED_AVAILABILITY = YES_AGGRESSIVE;
				CLANG_WARN_UNREACHABLE_CODE = YES;
				CLANG_WARN__DUPLICATE_METHOD_MATCH = YES;
				COPY_PHASE_STRIP = NO;
				DEBUG_INFORMATION_FORMAT = "dwarf-with-dsym";
				ENABLE_NS_ASSERTIONS = NO;
				ENABLE_STRICT_OBJC_MSGSEND = YES;
				GCC_C_LANGUAGE_STANDARD = gnu11;
				GCC_NO_COMMON_BLOCKS = YES;
				GCC_WARN_64_TO_32_BIT_CONVERSION = YES;
				GCC_WARN_ABOUT_RETURN_TYPE = YES_ERROR;
				GCC_WARN_UNDECLARED_SELECTOR = YES;
				GCC_WARN_UNINITIALIZED_AUTOS = YES_AGGRESSIVE;
				GCC_WARN_UNUSED_FUNCTION = YES;
				GCC_WARN_UNUSED_VARIABLE = YES;
				IPHONEOS_DEPLOYMENT_TARGET = 15.5;
				MTL_ENABLE_DEBUG_INFO = NO;
				MTL_FAST_MATH = YES;
				SDKROOT = iphoneos;
				VALIDATE_PRODUCT = YES;
			};
			name = Release;
		};
		865DD556289B6F8A00C07668 /* Debug */ = {
			isa = XCBuildConfiguration;
			baseConfigurationReference = 06EBF5E8686D743485C2FA42 /* Pods-DialogViewDemo.debug.xcconfig */;
			buildSettings = {
				ASSETCATALOG_COMPILER_APPICON_NAME = AppIcon;
				ASSETCATALOG_COMPILER_GLOBAL_ACCENT_COLOR_NAME = AccentColor;
				CODE_SIGN_STYLE = Automatic;
				CURRENT_PROJECT_VERSION = 1;
				DEVELOPMENT_TEAM = 5997FHFDCF;
				GENERATE_INFOPLIST_FILE = YES;
				INFOPLIST_FILE = DialogViewDemo/Info.plist;
				INFOPLIST_KEY_UIApplicationSupportsIndirectInputEvents = YES;
				INFOPLIST_KEY_UILaunchStoryboardName = LaunchScreen;
				INFOPLIST_KEY_UIMainStoryboardFile = Main;
				INFOPLIST_KEY_UISupportedInterfaceOrientations_iPad = "UIInterfaceOrientationPortrait UIInterfaceOrientationPortraitUpsideDown UIInterfaceOrientationLandscapeLeft UIInterfaceOrientationLandscapeRight";
				INFOPLIST_KEY_UISupportedInterfaceOrientations_iPhone = "UIInterfaceOrientationPortrait UIInterfaceOrientationLandscapeLeft UIInterfaceOrientationLandscapeRight";
				IPHONEOS_DEPLOYMENT_TARGET = 10.0;
				LD_RUNPATH_SEARCH_PATHS = (
					"$(inherited)",
					"@executable_path/Frameworks",
				);
				MARKETING_VERSION = 1.0;
				PRODUCT_BUNDLE_IDENTIFIER = com.owenchan.DialogViewDemo;
				PRODUCT_NAME = "$(TARGET_NAME)";
				SWIFT_EMIT_LOC_STRINGS = YES;
				TARGETED_DEVICE_FAMILY = "1,2";
			};
			name = Debug;
		};
		865DD557289B6F8A00C07668 /* Release */ = {
			isa = XCBuildConfiguration;
			baseConfigurationReference = 9E836C43BC8DDD3A6A95A746 /* Pods-DialogViewDemo.release.xcconfig */;
			buildSettings = {
				ASSETCATALOG_COMPILER_APPICON_NAME = AppIcon;
				ASSETCATALOG_COMPILER_GLOBAL_ACCENT_COLOR_NAME = AccentColor;
				CODE_SIGN_STYLE = Automatic;
				CURRENT_PROJECT_VERSION = 1;
				DEVELOPMENT_TEAM = 5997FHFDCF;
				GENERATE_INFOPLIST_FILE = YES;
				INFOPLIST_FILE = DialogViewDemo/Info.plist;
				INFOPLIST_KEY_UIApplicationSupportsIndirectInputEvents = YES;
				INFOPLIST_KEY_UILaunchStoryboardName = LaunchScreen;
				INFOPLIST_KEY_UIMainStoryboardFile = Main;
				INFOPLIST_KEY_UISupportedInterfaceOrientations_iPad = "UIInterfaceOrientationPortrait UIInterfaceOrientationPortraitUpsideDown UIInterfaceOrientationLandscapeLeft UIInterfaceOrientationLandscapeRight";
				INFOPLIST_KEY_UISupportedInterfaceOrientations_iPhone = "UIInterfaceOrientationPortrait UIInterfaceOrientationLandscapeLeft UIInterfaceOrientationLandscapeRight";
				IPHONEOS_DEPLOYMENT_TARGET = 10.0;
				LD_RUNPATH_SEARCH_PATHS = (
					"$(inherited)",
					"@executable_path/Frameworks",
				);
				MARKETING_VERSION = 1.0;
				PRODUCT_BUNDLE_IDENTIFIER = com.owenchan.DialogViewDemo;
				PRODUCT_NAME = "$(TARGET_NAME)";
				SWIFT_EMIT_LOC_STRINGS = YES;
				TARGETED_DEVICE_FAMILY = "1,2";
			};
			name = Release;
		};
/* End XCBuildConfiguration section */

/* Begin XCConfigurationList section */
		865DD537289B6F8900C07668 /* Build configuration list for PBXProject "DialogViewDemo" */ = {
			isa = XCConfigurationList;
			buildConfigurations = (
				865DD553289B6F8A00C07668 /* Debug */,
				865DD554289B6F8A00C07668 /* Release */,
			);
			defaultConfigurationIsVisible = 0;
			defaultConfigurationName = Release;
		};
		865DD555289B6F8A00C07668 /* Build configuration list for PBXNativeTarget "DialogViewDemo" */ = {
			isa = XCConfigurationList;
			buildConfigurations = (
				865DD556289B6F8A00C07668 /* Debug */,
				865DD557289B6F8A00C07668 /* Release */,
			);
			defaultConfigurationIsVisible = 0;
			defaultConfigurationName = Release;
		};
/* End XCConfigurationList section */
	};
	rootObject = 865DD534289B6F8900C07668 /* Project object */;
}
